lockfileVersion: '9.0'

settings:
  autoInstallPeers: true
  excludeLinksFromLockfile: false

importers:

  .:
    devDependencies:
      prettier:
        specifier: ^3.5.0
        version: 3.8.1
      turbo:
        specifier: ^2.8.0
        version: 2.8.17

  packages/image-utils:
    devDependencies:
      typescript:
        specifier: ^5.7.0
        version: 5.9.3

  packages/tsconfig: {}

  packages/types:
    devDependencies:
      typescript:
        specifier: ^5.7.0
        version: 5.9.3

  packages/ui:
    dependencies:
      react:
        specifier: ^19.2.0
        version: 19.2.4
      react-dom:
        specifier: ^19.2.0
        version: 19.2.4(react@19.2.4)
    devDependencies:
      '@types/react':
        specifier: ^19.0.0
        version: 19.2.14
      '@types/react-dom':
        specifier: ^19.0.0
        version: 19.2.3(@types/react@19.2.14)
      typescript:
        specifier: ^5.7.0
        version: 5.9.3

packages:

  '@types/react-dom@19.2.3':
    resolution: {integrity: sha512-jp2L/eY6fn+KgVVQAOqYItbF0VY/YApe5Mz2F0aykSO8gx31bYCZyvSeYxCHKvzHG5eZjc+zyaS5BrBWya2+kQ==}
    peerDependencies:
      '@types/react': ^19.2.0

  '@types/react@19.2.14':
    resolution: {integrity: sha512-ilcTH/UniCkMdtexkoCN0bI7pMcJDvmQFPvuPvmEaYA/NSfFTAgdUSLAoVjaRJm7+6PvcM+q1zYOwS4wTYMF9w==}

  csstype@3.2.3:
    resolution: {integrity: sha512-z1HGKcYy2xA8AGQfwrn0PAy+PB7X/GSj3UVJW9qKyn43xWa+gl5nXmU4qqLMRzWVLFC8KusUX8T/0kCiOYpAIQ==}

  prettier@3.8.1:
    resolution: {integrity: sha512-UOnG6LftzbdaHZcKoPFtOcCKztrQ57WkHDeRD9t/PTQtmT0NHSeWWepj6pS0z/N7+08BHFDQVUrfmfMRcZwbMg==}
    engines: {node: '>=14'}
    hasBin: true

  react-dom@19.2.4:
    resolution: {integrity: sha512-AXJdLo8kgMbimY95O2aKQqsz2iWi9jMgKJhRBAxECE4IFxfcazB2LmzloIoibJI3C12IlY20+KFaLv+71bUJeQ==}
    peerDependencies:
      react: ^19.2.4

  react@19.2.4:
    resolution: {integrity: sha512-9nfp2hYpCwOjAN+8TZFGhtWEwgvWHXqESH8qT89AT/lWklpLON22Lc8pEtnpsZz7VmawabSU0gCjnj8aC0euHQ==}
    engines: {node: '>=0.10.0'}

  scheduler@0.27.0:
    resolution: {integrity: sha512-eNv+WrVbKu1f3vbYJT/xtiF5syA5HPIMtf9IgY/nKg0sWqzAUEvqY/xm7OcZc/qafLx/iO9FgOmeSAp4v5ti/Q==}

  turbo-darwin-64@2.8.17:
    resolution: {integrity: sha512-ZFkv2hv7zHpAPEXBF6ouRRXshllOavYc+jjcrYyVHvxVTTwJWsBZwJ/gpPzmOKGvkSjsEyDO5V6aqqtZzwVF+Q==}
    cpu: [x64]
    os: [darwin]

  turbo-darwin-arm64@2.8.17:
    resolution: {integrity: sha512-5DXqhQUt24ycEryXDfMNKEkW5TBHs+QmU23a2qxXwwFDaJsWcPo2obEhBxxdEPOv7qmotjad+09RGeWCcJ9JDw==}
    cpu: [arm64]
    os: [darwin]

  turbo-linux-64@2.8.17:
    resolution: {integrity: sha512-KLUbz6w7F73D/Ihh51hVagrKR0/CTsPEbRkvXLXvoND014XJ4BCrQUqSxlQ4/hu+nqp1v5WlM85/h3ldeyujuA==}
    cpu: [x64]
    os: [linux]

  turbo-linux-arm64@2.8.17:
    resolution: {integrity: sha512-pJK67XcNJH40lTAjFu7s/rUlobgVXyB3A3lDoq+/JccB3hf+SysmkpR4Itlc93s8LEaFAI4mamhFuTV17Z6wOg==}
    cpu: [arm64]
    os: [linux]

  turbo-windows-64@2.8.17:
    resolution: {integrity: sha512-EijeQ6zszDMmGZLP2vT2RXTs/GVi9rM0zv2/G4rNu2SSRSGFapgZdxgW4b5zUYLVaSkzmkpWlGfPfj76SW9yUg==}
    cpu: [x64]
    os: [win32]

  turbo-windows-arm64@2.8.17:
    resolution: {integrity: sha512-crpfeMPkfECd4V1PQ/hMoiyVcOy04+bWedu/if89S15WhOalHZ2BYUi6DOJhZrszY+mTT99OwpOsj4wNfb/GHQ==}
    cpu: [arm64]
    os: [win32]

  turbo@2.8.17:
    resolution: {integrity: sha512-YwPsNSqU2f/RXU/+Kcb7cPkPZARxom4+me7LKEdN5jsvy2tpfze3zDZ4EiGrJnvOm9Avu9rK0aaYsP7qZ3iz7A==}
    hasBin: true

  typescript@5.9.3:
    resolution: {integrity: sha512-jl1vZzPDinLr9eUt3J/t7V6FgNEw9QjvBPdysz9KfQDD41fQrC2Y4vKQdiaUpFT4bXlb1RHhLpp8wtm6M5TgSw==}
    engines: {node: '>=14.17'}
    hasBin: true

snapshots:

  '@types/react-dom@19.2.3(@types/react@19.2.14)':
    dependencies:
      '@types/react': 19.2.14

  '@types/react@19.2.14':
    dependencies:
      csstype: 3.2.3

  csstype@3.2.3: {}

  prettier@3.8.1: {}

  react-dom@19.2.4(react@19.2.4):
    dependencies:
      react: 19.2.4
      scheduler: 0.27.0

  react@19.2.4: {}

  scheduler@0.27.0: {}

  turbo-darwin-64@2.8.17:
    optional: true

  turbo-darwin-arm64@2.8.17:
    optional: true

  turbo-linux-64@2.8.17:
    optional: true

  turbo-linux-arm64@2.8.17:
    optional: true

  turbo-windows-64@2.8.17:
    optional: true

  turbo-windows-arm64@2.8.17:
    optional: true

  turbo@2.8.17:
    optionalDependencies:
      turbo-darwin-64: 2.8.17
      turbo-darwin-arm64: 2.8.17
      turbo-linux-64: 2.8.17
      turbo-linux-arm64: 2.8.17
      turbo-windows-64: 2.8.17
      turbo-windows-arm64: 2.8.17

  typescript@5.9.3: {}
